PODS:
  - AFNetworking (3.0.4):
    - AFNetworking/NSURLSession (= 3.0.4)
    - AFNetworking/Reachability (= 3.0.4)
    - AFNetworking/Security (= 3.0.4)
    - AFNetworking/Serialization (= 3.0.4)
    - AFNetworking/UIKit (= 3.0.4)
  - AFNetworking/NSURLSession (3.0.4):
    - AFNetworking/Reachability
    - AFNetworking/Security
    - AFNetworking/Serialization
  - AFNetworking/Reachability (3.0.4)
  - AFNetworking/Security (3.0.4)
  - AFNetworking/Serialization (3.0.4)
  - AFNetworking/UIKit (3.0.4):
    - AFNetworking/NSURLSession
  - JSONModel (1.7.0)
  - Masonry (1.0.2)
  - MBProgressHUD (1.1.0)
  - MJRefresh (3.1.15.3)
  - Objection (1.6.1)
  - ReactiveCocoa (2.5.2):
    - ReactiveCocoa/UI (= 2.5.2)
  - ReactiveCocoa/Core (2.5.2):
    - ReactiveCocoa/no-arc
  - ReactiveCocoa/no-arc (2.5.2)
  - ReactiveCocoa/UI (2.5.2):
    - ReactiveCocoa/Core
  - "UITableView+FDTemplateLayoutCell (1.6)"

DEPENDENCIES:
  - AFNetworking (~> 3.0.0)
  - JSONModel (~> 1.7.0)
  - Masonry (~> 1.0.0)
  - MBProgressHUD (~> 1.1.0)
  - MJRefresh (~> 3.1.15)
  - Objection (~> 1.6.1)
  - ReactiveCocoa (from `https://github.com/zhao0/ReactiveCocoa.git`, tag `2.5.2`)
  - "UITableView+FDTemplateLayoutCell (~> 1.6)"

SPEC REPOS:
  https://github.com/cocoapods/specs.git:
    - AFNetworking
    - JSONModel
    - Masonry
    - MBProgressHUD
    - MJRefresh
    - Objection
    - "UITableView+FDTemplateLayoutCell"

EXTERNAL SOURCES:
  ReactiveCocoa:
    :git: https://github.com/zhao0/ReactiveCocoa.git
    :tag: 2.5.2

CHECKOUT OPTIONS:
  ReactiveCocoa:
    :git: https://github.com/zhao0/ReactiveCocoa.git
    :tag: 2.5.2

SPEC CHECKSUMS:
  AFNetworking: a0075feb321559dc78d9d85b55d11caa19eabb93
  JSONModel: 840bc0fcffb24b8454d2c026bf26fea454b8e98d
  Masonry: 7c429b56da9d4ee0bbb3ed77a5ea710d6a5df39e
  MBProgressHUD: e7baa36a220447d8aeb12769bf0585582f3866d9
  MJRefresh: b48380ae2b927b46c4ef000de9adb8dc748e1df7
  Objection: ed03f2219cb22d2b5b893114219fe6c7e3263bde
  ReactiveCocoa: 3ff25b1bd992ac79c5c79b26b6c0c1713b715bb2
  "UITableView+FDTemplateLayoutCell": 5c949b4a5059c404b442926c0e80f81d10a2d66f

PODFILE CHECKSUM: 9d1c03872f6cb718731f285e2b904d8cedaa3748

COCOAPODS: 1.5.3
